
Microsoft Visual Studio Solution File, Format Version 12.00
# Visual Studio Version 17
VisualStudioVersion = 17.5.002.0
MinimumVisualStudioVersion = 10.0.40219.1
Project("{9A19103F-16F7-4668-BE54-9A1E7A4F7556}") = "WebDev_CW", "WebDev_CW\WebDev_CW.csproj", "{3300A7AA-155E-4200-A533-2CFEE0ADF75D}"
EndProject
Global
	GlobalSection(SolutionConfigurationPlatforms) = preSolution
		Debug|Any CPU = Debug|Any CPU
		Release|Any CPU = Release|Any CPU
	EndGlobalSection
	GlobalSection(ProjectConfigurationPlatforms) = postSolution
		{3300A7AA-155E-4200-A533-2CFEE0ADF75D}.Debug|Any CPU.ActiveCfg = Debug|Any CPU
		{3300A7AA-155E-4200-A533-2CFEE0ADF75D}.Debug|Any CPU.Build.0 = Debug|Any CPU
		{3300A7AA-155E-4200-A533-2CFEE0ADF75D}.Release|Any CPU.ActiveCfg = Release|Any CPU
		{3300A7AA-155E-4200-A533-2CFEE0ADF75D}.Release|Any CPU.Build.0 = Release|Any CPU
	EndGlobalSection
	GlobalSection(SolutionProperties) = preSolution
		HideSolutionNode = FALSE
	EndGlobalSection
	GlobalSection(ExtensibilityGlobals) = postSolution
		SolutionGuid = {C8F23DE9-F32F-45EC-8572-B54C63A5BA2B}
	EndGlobalSection
EndGlobal
